
Microsoft Visual Studio Solution File, Format Version 12.00
# Visual Studio Version 17
VisualStudioVersion = 17.13.35828.75 d17.13
MinimumVisualStudioVersion = 10.0.40219.1
Project("{FAE04EC0-301F-11D3-BF4B-00C04F79EFBC}") = "InventoryManagementSystem.APIs", "InventoryManagementSystem\InventoryManagementSystem.APIs.csproj", "{DDA7934B-517E-4052-8CAD-002ED06B6FA9}"
EndProject
Project("{FAE04EC0-301F-11D3-BF4B-00C04F79EFBC}") = "InventoryManagementSystem.Core", "InventoryManagementSystem.Core\InventoryManagementSystem.Core.csproj", "{129E1B78-632F-4D74-807D-982331974B8E}"
EndProject
Project("{FAE04EC0-301F-11D3-BF4B-00C04F79EFBC}") = "InventoryManagementSystem.Infrastucture", "InventoryManagementSystem.Infrastucture\InventoryManagementSystem.Infrastucture.csproj", "{CF3D59D6-9727-4161-8F8F-D4E543D0B87C}"
EndProject
Global
	GlobalSection(SolutionConfigurationPlatforms) = preSolution
		Debug|Any CPU = Debug|Any CPU
		Release|Any CPU = Release|Any CPU
	EndGlobalSection
	GlobalSection(ProjectConfigurationPlatforms) = postSolution
		{DDA7934B-517E-4052-8CAD-002ED06B6FA9}.Debug|Any CPU.ActiveCfg = Debug|Any CPU
		{DDA7934B-517E-4052-8CAD-002ED06B6FA9}.Debug|Any CPU.Build.0 = Debug|Any CPU
		{DDA7934B-517E-4052-8CAD-002ED06B6FA9}.Release|Any CPU.ActiveCfg = Release|Any CPU
		{DDA7934B-517E-4052-8CAD-002ED06B6FA9}.Release|Any CPU.Build.0 = Release|Any CPU
		{129E1B78-632F-4D74-807D-982331974B8E}.Debug|Any CPU.ActiveCfg = Debug|Any CPU
		{129E1B78-632F-4D74-807D-982331974B8E}.Debug|Any CPU.Build.0 = Debug|Any CPU
		{129E1B78-632F-4D74-807D-982331974B8E}.Release|Any CPU.ActiveCfg = Release|Any CPU
		{129E1B78-632F-4D74-807D-982331974B8E}.Release|Any CPU.Build.0 = Release|Any CPU
		{CF3D59D6-9727-4161-8F8F-D4E543D0B87C}.Debug|Any CPU.ActiveCfg = Debug|Any CPU
		{CF3D59D6-9727-4161-8F8F-D4E543D0B87C}.Debug|Any CPU.Build.0 = Debug|Any CPU
		{CF3D59D6-9727-4161-8F8F-D4E543D0B87C}.Release|Any CPU.ActiveCfg = Release|Any CPU
		{CF3D59D6-9727-4161-8F8F-D4E543D0B87C}.Release|Any CPU.Build.0 = Release|Any CPU
	EndGlobalSection
	GlobalSection(SolutionProperties) = preSolution
		HideSolutionNode = FALSE
	EndGlobalSection
	GlobalSection(ExtensibilityGlobals) = postSolution
		SolutionGuid = {BCBAAAF4-6332-4939-87B4-BB3DFB772130}
	EndGlobalSection
EndGlobal
